<Solution>
  <Configurations>
    <Platform Name="x64" />
    <Platform Name="x86" />
  </Configurations>
  <Folder Name="/Элементы решения/">
    <File Path=".gitignore" />
  </Folder>
  <Project Path="Laboratory-work-1/Laboratory-work-1.vcxproj" Id="9459825a-227a-460a-81f1-1b3894b7497c" />
  <Project Path="Laboratory-work-2/Laboratory-work-2.vcxproj" Id="56d01468-31c4-4d8e-9ea8-c714f6406599" />
</Solution>
